{
  "requires": true,
  "lockfileVersion": 1,
  "dependencies": {
    "@babel/runtime": {
      "version": "7.6.2",
      "resolved": "https://registry.npmjs.org/@babel/runtime/-/runtime-7.6.2.tgz",
      "integrity": "sha512-EXxN64agfUqqIGeEjI5dL5z0Sw0ZwWo1mLTi4mQowCZ42O59b7DRpZAnTC6OqdF28wMBMFKNb/4uFGrVaigSpg==",
      "requires": {
        "regenerator-runtime": "^0.13.2"
      }
    },
    "asap": {
      "version": "2.0.6",
      "resolved": "https://registry.npmjs.org/asap/-/asap-2.0.6.tgz",
      "integrity": "sha1-5QNHYR1+aQlDIIu9r+vLwvuGbUY="
    },
    "classnames": {
      "version": "2.2.6",
      "resolved": "https://registry.npmjs.org/classnames/-/classnames-2.2.6.tgz",
      "integrity": "sha512-JR/iSQOSt+LQIWwrwEzJ9uk0xfN3mTVYMwt1Ir5mUcSN6pU+V4zQFFaJsclJbPuAUQH+yfWef6tm7l1quW3C8Q=="
    },
    "core-js": {
      "version": "1.2.7",
      "resolved": "https://registry.npmjs.org/core-js/-/core-js-1.2.7.tgz",
      "integrity": "sha1-ZSKUwUZR2yj6k70tX/KYOk8IxjY="
    },
    "create-react-class": {
      "version": "15.6.3",
      "resolved": "https://registry.npmjs.org/create-react-class/-/create-react-class-15.6.3.tgz",
      "integrity": "sha512-M+/3Q6E6DLO6Yx3OwrWjwHBnvfXXYA7W+dFjt/ZDBemHO1DDZhsalX/NUtnTYclN6GfnBDRh4qRHjcDHmlJBJg==",
      "requires": {
        "fbjs": "^0.8.9",
        "loose-envify": "^1.3.1",
        "object-assign": "^4.1.1"
      }
    },
    "create-react-context": {
      "version": "0.3.0",
      "resolved": "https://registry.npmjs.org/create-react-context/-/create-react-context-0.3.0.tgz",
      "integrity": "sha512-dNldIoSuNSvlTJ7slIKC/ZFGKexBMBrrcc+TTe1NdmROnaASuLPvqpwj9v4XS4uXZ8+YPu0sNmShX2rXI5LNsw==",
      "requires": {
        "gud": "^1.0.0",
        "warning": "^4.0.3"
      }
    },
    "date-arithmetic": {
      "version": "3.1.0",
      "resolved": "https://registry.npmjs.org/date-arithmetic/-/date-arithmetic-3.1.0.tgz",
      "integrity": "sha1-H80D29UEudvuK5B4yFpfHH08wtM="
    },
    "date-fns": {
      "version": "2.2.1",
      "resolved": "https://registry.npmjs.org/date-fns/-/date-fns-2.2.1.tgz",
      "integrity": "sha512-4V1i5CnTinjBvJpXTq7sDHD4NY6JPcl15112IeSNNLUWQOQ+kIuCvRGOFZMQZNvkadw8F9QTyZxz59rIRU6K+w=="
    },
    "detect-element-overflow": {
      "version": "1.1.1",
      "resolved": "https://registry.npmjs.org/detect-element-overflow/-/detect-element-overflow-1.1.1.tgz",
      "integrity": "sha512-07f/EWuaPHU2JqPLg1JPuNaf47h+A5dt70EHO+X+U1zzSuAsgmI5qAU3kP1bCMICYmuvMrcqEZOIxiLB9d8zdg=="
    },
    "dom-helpers": {
      "version": "3.4.0",
      "resolved": "https://registry.npmjs.org/dom-helpers/-/dom-helpers-3.4.0.tgz",
      "integrity": "sha512-LnuPJ+dwqKDIyotW1VzmOZ5TONUN7CwkCR5hrgawTUbkBGYdeoNLZo6nNfGkCrjtE1nXXaj7iMMpDa8/d9WoIA==",
      "requires": {
        "@babel/runtime": "^7.1.2"
      }
    },
    "encoding": {
      "version": "0.1.12",
      "resolved": "https://registry.npmjs.org/encoding/-/encoding-0.1.12.tgz",
      "integrity": "sha1-U4tm8+5izRq1HsMjgp0flIDHS+s=",
      "requires": {
        "iconv-lite": "~0.4.13"
      }
    },
    "fbjs": {
      "version": "0.8.17",
      "resolved": "https://registry.npmjs.org/fbjs/-/fbjs-0.8.17.tgz",
      "integrity": "sha1-xNWY6taUkRJlPWWIsBpc3Nn5D90=",
      "requires": {
        "core-js": "^1.0.0",
        "isomorphic-fetch": "^2.1.1",
        "loose-envify": "^1.0.0",
        "object-assign": "^4.1.0",
        "promise": "^7.1.1",
        "setimmediate": "^1.0.5",
        "ua-parser-js": "^0.7.18"
      }
    },
    "get-user-locale": {
      "version": "1.2.0",
      "resolved": "https://registry.npmjs.org/get-user-locale/-/get-user-locale-1.2.0.tgz",
      "integrity": "sha512-yodJVDMWnM4ZOGa+n1ofebE8u+yjd8FIZMqthUK+xcOQcmfU2ECaP5gLiTMt6j0R/e67QsEelES0fQYLy/oHPg==",
      "requires": {
        "lodash.once": "^4.1.1"
      }
    },
    "gud": {
      "version": "1.0.0",
      "resolved": "https://registry.npmjs.org/gud/-/gud-1.0.0.tgz",
      "integrity": "sha512-zGEOVKFM5sVPPrYs7J5/hYEw2Pof8KCyOwyhG8sAF26mCAeUFAcYPu1mwB7hhpIP29zOIBaDqwuHdLp0jvZXjw=="
    },
    "iconv-lite": {
      "version": "0.4.24",
      "resolved": "https://registry.npmjs.org/iconv-lite/-/iconv-lite-0.4.24.tgz",
      "integrity": "sha512-v3MXnZAcvnywkTUEZomIActle7RXXeedOR31wwl7VlyoXO4Qi9arvSenNQWne1TcRwhCL1HwLI21bEqdpj8/rA==",
      "requires": {
        "safer-buffer": ">= 2.1.2 < 3"
      }
    },
    "invariant": {
      "version": "2.2.4",
      "resolved": "https://registry.npmjs.org/invariant/-/invariant-2.2.4.tgz",
      "integrity": "sha512-phJfQVBuaJM5raOpJjSfkiD6BpbCE4Ns//LaXl6wGYtUBY83nWS6Rf9tXm2e8VaK60JEjYldbPif/A2B1C2gNA==",
      "requires": {
        "loose-envify": "^1.0.0"
      }
    },
    "is-stream": {
      "version": "1.1.0",
      "resolved": "https://registry.npmjs.org/is-stream/-/is-stream-1.1.0.tgz",
      "integrity": "sha1-EtSj3U5o4Lec6428hBc66A2RykQ="
    },
    "isomorphic-fetch": {
      "version": "2.2.1",
      "resolved": "https://registry.npmjs.org/isomorphic-fetch/-/isomorphic-fetch-2.2.1.tgz",
      "integrity": "sha1-YRrhrPFPXoH3KVB0coGf6XM1WKk=",
      "requires": {
        "node-fetch": "^1.0.1",
        "whatwg-fetch": ">=0.10.0"
      }
    },
    "js-tokens": {
      "version": "4.0.0",
      "resolved": "https://registry.npmjs.org/js-tokens/-/js-tokens-4.0.0.tgz",
      "integrity": "sha512-RdJUflcE3cUzKiMqQgsCu06FPu9UdIJO0beYbPhHN4k6apgJtifcoCtT9bcxOpYBtpD2kCM6Sbzg4CausW/PKQ=="
    },
    "lodash.once": {
      "version": "4.1.1",
      "resolved": "https://registry.npmjs.org/lodash.once/-/lodash.once-4.1.1.tgz",
      "integrity": "sha1-DdOXEhPHxW34gJd9UEyI+0cal6w="
    },
    "loose-envify": {
      "version": "1.4.0",
      "resolved": "https://registry.npmjs.org/loose-envify/-/loose-envify-1.4.0.tgz",
      "integrity": "sha512-lyuxPGr/Wfhrlem2CL/UcnUc1zcqKAImBDzukY7Y5F/yQiNdko6+fRLevlw1HgMySw7f611UIY408EtxRSoK3Q==",
      "requires": {
        "js-tokens": "^3.0.0 || ^4.0.0"
      }
    },
    "make-event-props": {
      "version": "1.2.0",
      "resolved": "https://registry.npmjs.org/make-event-props/-/make-event-props-1.2.0.tgz",
      "integrity": "sha512-BmWFkm/jZzVH9A0tEBdkjAARUz/eha+5IRyfOndeSMKRadkgR5DawoBHoRwLxkYmjJOI5bHkXKpaZocxj+dKgg=="
    },
    "merge-class-names": {
      "version": "1.2.0",
      "resolved": "https://registry.npmjs.org/merge-class-names/-/merge-class-names-1.2.0.tgz",
      "integrity": "sha512-ifHxhC8DojHT1rG3PHCaJYInUqPd0WO+PxsaYDMkgy7RzfyOFtnlpr/hbhki+m/3R/ujIRVnZkD/AHjgjb5uhg=="
    },
    "moment": {
      "version": "2.24.0",
      "resolved": "https://registry.npmjs.org/moment/-/moment-2.24.0.tgz",
      "integrity": "sha512-bV7f+6l2QigeBBZSM/6yTNq4P2fNpSWj/0e7jQcy87A8e7o2nAfP/34/2ky5Vw4B9S446EtIhodAzkFCcR4dQg=="
    },
    "node-fetch": {
      "version": "1.7.3",
      "resolved": "https://registry.npmjs.org/node-fetch/-/node-fetch-1.7.3.tgz",
      "integrity": "sha512-NhZ4CsKx7cYm2vSrBAr2PvFOe6sWDf0UYLRqA6svUYg7+/TSfVAu49jYC4BvQ4Sms9SZgdqGBgroqfDhJdTyKQ==",
      "requires": {
        "encoding": "^0.1.11",
        "is-stream": "^1.0.1"
      }
    },
    "object-assign": {
      "version": "4.1.1",
      "resolved": "https://registry.npmjs.org/object-assign/-/object-assign-4.1.1.tgz",
      "integrity": "sha1-IQmtx5ZYh8/AXLvUQsrIv7s2CGM="
    },
    "popper.js": {
      "version": "1.15.0",
      "resolved": "https://registry.npmjs.org/popper.js/-/popper.js-1.15.0.tgz",
      "integrity": "sha512-w010cY1oCUmI+9KwwlWki+r5jxKfTFDVoadl7MSrIujHU5MJ5OR6HTDj6Xo8aoR/QsA56x8jKjA59qGH4ELtrA=="
    },
    "promise": {
      "version": "7.3.1",
      "resolved": "https://registry.npmjs.org/promise/-/promise-7.3.1.tgz",
      "integrity": "sha512-nolQXZ/4L+bP/UGlkfaIujX9BKxGwmQ9OT4mOt5yvy8iK1h3wqTEJCijzGANTCCl9nWjY41juyAn2K3Q1hLLTg==",
      "requires": {
        "asap": "~2.0.3"
      }
    },
    "prop-types": {
      "version": "15.7.2",
      "resolved": "https://registry.npmjs.org/prop-types/-/prop-types-15.7.2.tgz",
      "integrity": "sha512-8QQikdH7//R2vurIJSutZ1smHYTcLpRWEOlHnzcWHmBYrOGUysKwSsrC89BCiFj3CbrfJ/nXFdJepOVrY1GCHQ==",
      "requires": {
        "loose-envify": "^1.4.0",
        "object-assign": "^4.1.1",
        "react-is": "^16.8.1"
      }
    },
    "prop-types-extra": {
      "version": "1.1.0",
      "resolved": "https://registry.npmjs.org/prop-types-extra/-/prop-types-extra-1.1.0.tgz",
      "integrity": "sha512-QFyuDxvMipmIVKD2TwxLVPzMnO4e5oOf1vr3tJIomL8E7d0lr6phTHd5nkPhFIzTD1idBLLEPeylL9g+rrTzRg==",
      "requires": {
        "react-is": "^16.3.2",
        "warning": "^3.0.0"
      },
      "dependencies": {
        "warning": {
          "version": "3.0.0",
          "resolved": "https://registry.npmjs.org/warning/-/warning-3.0.0.tgz",
          "integrity": "sha1-MuU3fLVy3kqwR1O9+IIcAe1gW3w=",
          "requires": {
            "loose-envify": "^1.0.0"
          }
        }
      }
    },
    "react-calendar": {
      "version": "2.19.2",
      "resolved": "https://registry.npmjs.org/react-calendar/-/react-calendar-2.19.2.tgz",
      "integrity": "sha512-zKbWxwmYEg84grFsCJz9EYpnGqsZy0iV67dHzkVE0EhBdXMg2eISBQYvw4+t8zdy5ySxQkDhUW8X8ERbSyZPVw==",
      "requires": {
        "get-user-locale": "^1.2.0",
        "merge-class-names": "^1.1.1",
        "prop-types": "^15.6.0",
        "react-lifecycles-compat": "^3.0.4"
      }
    },
    "react-clock": {
      "version": "2.4.0",
      "resolved": "https://registry.npmjs.org/react-clock/-/react-clock-2.4.0.tgz",
      "integrity": "sha512-BlzkzbhLEzLwdqtl+PAPvzMhRvg4xyxsiQnGpb+ZzL4YY5iFQgJa7C48EUGhbpnTtNwyMuaBG4KeYmUuUlTQUQ==",
      "requires": {
        "merge-class-names": "^1.1.1",
        "prop-types": "^15.6.0"
      }
    },
    "react-component-managers": {
      "version": "3.2.2",
      "resolved": "https://registry.npmjs.org/react-component-managers/-/react-component-managers-3.2.2.tgz",
      "integrity": "sha512-SqtB09hS1ir0koBNybvNbNAB3k/r7IbIGbXSxvkkTV0m50s+4oJ59KYsbPAQ/2DhE169Rc5V26d674EcGcDbGA==",
      "requires": {
        "prop-types": "^15.6.1",
        "spy-on-component": "^1.1.0"
      }
    },
    "react-date-picker": {
      "version": "7.8.2",
      "resolved": "https://registry.npmjs.org/react-date-picker/-/react-date-picker-7.8.2.tgz",
      "integrity": "sha512-1zYjN+ez4QYShDpM20zN8tRmAwDMnAIxGUpji0rYrVMVAxWV2uNRvUpETsXz4FQobts6iA/nCiUJay33+k0tow==",
      "requires": {
        "get-user-locale": "^1.2.0",
        "make-event-props": "^1.1.0",
        "merge-class-names": "^1.1.1",
        "prop-types": "^15.6.0",
        "react-calendar": "^2.19.1",
        "react-fit": "^1.0.3",
        "react-lifecycles-compat": "^3.0.4",
        "update-input-width": "^1.1.1"
      }
    },
    "react-datepicker": {
      "version": "2.9.6",
      "resolved": "https://registry.npmjs.org/react-datepicker/-/react-datepicker-2.9.6.tgz",
      "integrity": "sha512-PLiVhyAr567gWuLMZwIH9WpTIZOZVLhEFyuUzSx3kmQdiikjrYpdNlxsfbbgaxRnee5y08KJZequaqRsNySXmw==",
      "requires": {
        "classnames": "^2.2.6",
        "date-fns": "^2.0.1",
        "prop-types": "^15.7.2",
        "react-onclickoutside": "^6.9.0",
        "react-popper": "^1.3.4"
      }
    },
    "react-datetime-picker": {
      "version": "2.7.1",
      "resolved": "https://registry.npmjs.org/react-datetime-picker/-/react-datetime-picker-2.7.1.tgz",
      "integrity": "sha512-198IzhGcA0xLz9WjKwseJmdqneTN3ioam6KZt4c+i4biFG2fRFAzqR6GXhBeTOeyAVJ+T6jeJ0bbaxQ+5XpubQ==",
      "requires": {
        "get-user-locale": "^1.1.1",
        "make-event-props": "^1.1.0",
        "merge-class-names": "^1.1.1",
        "prop-types": "^15.6.0",
        "react-calendar": "^2.18.0",
        "react-clock": "^2.3.0",
        "react-date-picker": "^7.8.0",
        "react-fit": "^1.0.3",
        "react-lifecycles-compat": "^3.0.4",
        "react-time-picker": "^3.7.0"
      }
    },
    "react-fit": {
      "version": "1.0.5",
      "resolved": "https://registry.npmjs.org/react-fit/-/react-fit-1.0.5.tgz",
      "integrity": "sha512-TTR/nfFi0d+pJ1ukoKXjd22a9dVbAXFf7IVjny3RIzoI7gt4y26jHds8GHY8jWRy3kDNpQyrC70JOVnkmxoebw==",
      "requires": {
        "detect-element-overflow": "^1.1.1",
        "prop-types": "^15.6.0"
      }
    },
    "react-is": {
      "version": "16.9.0",
      "resolved": "https://registry.npmjs.org/react-is/-/react-is-16.9.0.tgz",
      "integrity": "sha512-tJBzzzIgnnRfEm046qRcURvwQnZVXmuCbscxUO5RWrGTXpon2d4c8mI0D8WE6ydVIm29JiLB6+RslkIvym9Rjw=="
    },
    "react-lifecycles-compat": {
      "version": "3.0.4",
      "resolved": "https://registry.npmjs.org/react-lifecycles-compat/-/react-lifecycles-compat-3.0.4.tgz",
      "integrity": "sha512-fBASbA6LnOU9dOU2eW7aQ8xmYBSXUIWr+UmF9b1efZBazGNO+rcXT/icdKnYm2pTwcRylVUYwW7H1PHfLekVzA=="
    },
    "react-onclickoutside": {
      "version": "6.9.0",
      "resolved": "https://registry.npmjs.org/react-onclickoutside/-/react-onclickoutside-6.9.0.tgz",
      "integrity": "sha512-8ltIY3bC7oGhj2nPAvWOGi+xGFybPNhJM0V1H8hY/whNcXgmDeaeoCMPPd8VatrpTsUWjb/vGzrmu6SrXVty3A=="
    },
    "react-popper": {
      "version": "1.3.4",
      "resolved": "https://registry.npmjs.org/react-popper/-/react-popper-1.3.4.tgz",
      "integrity": "sha512-9AcQB29V+WrBKk6X7p0eojd1f25/oJajVdMZkywIoAV6Ag7hzE1Mhyeup2Q1QnvFRtGQFQvtqfhlEoDAPfKAVA==",
      "requires": {
        "@babel/runtime": "^7.1.2",
        "create-react-context": "^0.3.0",
        "popper.js": "^1.14.4",
        "prop-types": "^15.6.1",
        "typed-styles": "^0.0.7",
        "warning": "^4.0.2"
      }
    },
    "react-time-picker": {
      "version": "3.7.2",
      "resolved": "https://registry.npmjs.org/react-time-picker/-/react-time-picker-3.7.2.tgz",
      "integrity": "sha512-qT3N2lZZ1PHt0h6Q4IxMbgKftqIskQL9Z3BaZebpIVskL7zvT5drnNxxZeYAtRwMogv3l9EAOsDSIdnG+uV2gQ==",
      "requires": {
        "get-user-locale": "^1.2.0",
        "make-event-props": "^1.1.0",
        "merge-class-names": "^1.1.1",
        "prop-types": "^15.6.0",
        "react-clock": "^2.3.0",
        "react-fit": "^1.0.3",
        "react-lifecycles-compat": "^3.0.4",
        "update-input-width": "^1.1.1"
      }
    },
    "react-toastify": {
      "version": "5.4.0",
      "resolved": "https://registry.npmjs.org/react-toastify/-/react-toastify-5.4.0.tgz",
      "integrity": "sha512-0cdPq1gyxAcYu0KiDPOYp9nNiqIFDWoi7nyoaSw496DElUnNlcjhc7Aduz8CXrGTRugvjuXd3eplUvFaCeQMNA==",
      "requires": {
        "@babel/runtime": "^7.4.2",
        "classnames": "^2.2.6",
        "prop-types": "^15.7.2",
        "react-transition-group": "^2.6.1"
      }
    },
    "react-transition-group": {
      "version": "2.9.0",
      "resolved": "https://registry.npmjs.org/react-transition-group/-/react-transition-group-2.9.0.tgz",
      "integrity": "sha512-+HzNTCHpeQyl4MJ/bdE0u6XRMe9+XG/+aL4mCxVN4DnPBQ0/5bfHWPDuOZUzYdMj94daZaZdCCc1Dzt9R/xSSg==",
      "requires": {
        "dom-helpers": "^3.4.0",
        "loose-envify": "^1.4.0",
        "prop-types": "^15.6.2",
        "react-lifecycles-compat": "^3.0.4"
      }
    },
    "react-widgets": {
      "version": "4.4.11",
      "resolved": "https://registry.npmjs.org/react-widgets/-/react-widgets-4.4.11.tgz",
      "integrity": "sha512-VIwugqtVngBoPpk8XH+QnX/Nb/TMY+P3TaoHulsPNjxHUBoTuC2whmC6KncZ66FzfPahm265lOsmtxqZVJnHIg==",
      "requires": {
        "classnames": "^2.2.6",
        "date-arithmetic": "^3.1.0",
        "dom-helpers": "^3.3.1",
        "invariant": "^2.2.4",
        "prop-types-extra": "^1.0.1",
        "react-component-managers": "^3.1.0",
        "react-lifecycles-compat": "^3.0.4",
        "react-transition-group": "^2.4.0",
        "uncontrollable": "^5.0.0",
        "warning": "^3.0.0"
      },
      "dependencies": {
        "warning": {
          "version": "3.0.0",
          "resolved": "https://registry.npmjs.org/warning/-/warning-3.0.0.tgz",
          "integrity": "sha1-MuU3fLVy3kqwR1O9+IIcAe1gW3w=",
          "requires": {
            "loose-envify": "^1.0.0"
          }
        }
      }
    },
    "react-widgets-moment": {
      "version": "4.0.27",
      "resolved": "https://registry.npmjs.org/react-widgets-moment/-/react-widgets-moment-4.0.27.tgz",
      "integrity": "sha512-lffLAf5FxrW0G78wJIZvQsJ+AhLOEnjBATVpE0XyP2Ow81tAiHFqBjuOsw5HvkCPAs59ChVErmXBNCO9ekhIpw=="
    },
    "regenerator-runtime": {
      "version": "0.13.3",
      "resolved": "https://registry.npmjs.org/regenerator-runtime/-/regenerator-runtime-0.13.3.tgz",
      "integrity": "sha512-naKIZz2GQ8JWh///G7L3X6LaQUAMp2lvb1rvwwsURe/VXwD6VMfr+/1NuNw3ag8v2kY1aQ/go5SNn79O9JU7yw=="
    },
    "safer-buffer": {
      "version": "2.1.2",
      "resolved": "https://registry.npmjs.org/safer-buffer/-/safer-buffer-2.1.2.tgz",
      "integrity": "sha512-YZo3K82SD7Riyi0E1EQPojLz7kpepnSQI9IyPbHHg1XXXevb5dJI7tpyN2ADxGcQbHG7vcyRHk0cbwqcQriUtg=="
    },
    "setimmediate": {
      "version": "1.0.5",
      "resolved": "https://registry.npmjs.org/setimmediate/-/setimmediate-1.0.5.tgz",
      "integrity": "sha1-KQy7Iy4waULX1+qbg3Mqt4VvgoU="
    },
    "spy-on-component": {
      "version": "1.1.2",
      "resolved": "https://registry.npmjs.org/spy-on-component/-/spy-on-component-1.1.2.tgz",
      "integrity": "sha512-ndyPLiqAPcDETg2VO0TM35uq6kLKvhss2ILBV+jfXZz55lRk5zphmbrHKwwIu9++n56+56KLbY/zhJnPF6Yqyg=="
    },
    "typed-styles": {
      "version": "0.0.7",
      "resolved": "https://registry.npmjs.org/typed-styles/-/typed-styles-0.0.7.tgz",
      "integrity": "sha512-pzP0PWoZUhsECYjABgCGQlRGL1n7tOHsgwYv3oIiEpJwGhFTuty/YNeduxQYzXXa3Ge5BdT6sHYIQYpl4uJ+5Q=="
    },
    "ua-parser-js": {
      "version": "0.7.20",
      "resolved": "https://registry.npmjs.org/ua-parser-js/-/ua-parser-js-0.7.20.tgz",
      "integrity": "sha512-8OaIKfzL5cpx8eCMAhhvTlft8GYF8b2eQr6JkCyVdrgjcytyOmPCXrqXFcUnhonRpLlh5yxEZVohm6mzaowUOw=="
    },
    "uncontrollable": {
      "version": "5.1.0",
      "resolved": "https://registry.npmjs.org/uncontrollable/-/uncontrollable-5.1.0.tgz",
      "integrity": "sha512-5FXYaFANKaafg4IVZXUNtGyzsnYEvqlr9wQ3WpZxFpEUxl29A3H6Q4G1Dnnorvq9TGOGATBApWR4YpLAh+F5hw==",
      "requires": {
        "invariant": "^2.2.4"
      }
    },
    "update-input-width": {
      "version": "1.1.1",
      "resolved": "https://registry.npmjs.org/update-input-width/-/update-input-width-1.1.1.tgz",
      "integrity": "sha512-khNPvsmV9CJbvOlK0Wou2FLPNcKFQepq5yKHyClxz39A3TTkCkkDOOdOs1xoMNWKTesN+qQALffoNP4P8Jydgw=="
    },
    "warning": {
      "version": "4.0.3",
      "resolved": "https://registry.npmjs.org/warning/-/warning-4.0.3.tgz",
      "integrity": "sha512-rpJyN222KWIvHJ/F53XSZv0Zl/accqHR8et1kpaMTD/fLCRxtV8iX8czMzY7sVZupTI3zcUTg8eycS2kNF9l6w==",
      "requires": {
        "loose-envify": "^1.0.0"
      }
    },
    "whatwg-fetch": {
      "version": "3.0.0",
      "resolved": "https://registry.npmjs.org/whatwg-fetch/-/whatwg-fetch-3.0.0.tgz",
      "integrity": "sha512-9GSJUgz1D4MfyKU7KRqwOjXCXTqWdFNvEr7eUBYchQiVc744mqK/MzXPNR2WsPkmkOa4ywfg8C2n8h+13Bey1Q=="
    }
  }
}
